{
  "name": "typescript",
  "version": "1.0.0",
  "lockfileVersion": 3,
  "requires": true,
  "packages": {
    "": {
      "name": "typescript",
      "version": "1.0.0",
      "license": "ISC",
      "dependencies": {
        "effect": "^2.0.0-next.30"
      },
      "devDependencies": {
        "typescript": "^5.2.2"
      }
    },
    "node_modules/@effect/data": {
      "version": "0.18.3",
      "resolved": "https://registry.npmjs.org/@effect/data/-/data-0.18.3.tgz",
      "integrity": "sha512-xNG4CwxE758EK0v81EIPnKv9QeU/x9st1Doab/Fjf7sb9V3n55C85aBiKChpKgGD8pKCPHcjGydLsRHVUvzpwg=="
    },
    "node_modules/@effect/io": {
      "version": "0.39.0",
      "resolved": "https://registry.npmjs.org/@effect/io/-/io-0.39.0.tgz",
      "integrity": "sha512-9rlW1Pvn6ww1eaxPCg5+PeRlzYA7AfUJwiduPSMfXwgvqdR24gBGCoGgaD8aSKeOE1V1xhgOUNqbaf/oGsmbtQ==",
      "peerDependencies": {
        "@effect/data": "^0.18.0"
      }
    },
    "node_modules/@effect/match": {
      "version": "0.35.1",
      "resolved": "https://registry.npmjs.org/@effect/match/-/match-0.35.1.tgz",
      "integrity": "sha512-uIj86SLtIswSnGlKfjTM/Ea/3MbW+JhsTdv414E3YlxLycjx5X9yOodzVM0I3/z9PaYhbpqAcHk9oEtLt7kk1w==",
      "peerDependencies": {
        "@effect/data": "^0.18.3"
      }
    },
    "node_modules/@effect/stm": {
      "version": "0.23.0",
      "resolved": "https://registry.npmjs.org/@effect/stm/-/stm-0.23.0.tgz",
      "integrity": "sha512-c8pXK5mN9ZCFwPvxNJRzxAWwwSWjkdxs1FlCh1mdyXSah0uSD+lkuvEKrcpJCJroMmMBPrxKJv5ascfzTbBE9A==",
      "peerDependencies": {
        "@effect/data": "^0.18.3",
        "@effect/io": "^0.39.0"
      }
    },
    "node_modules/@effect/stream": {
      "version": "0.35.1",
      "resolved": "https://registry.npmjs.org/@effect/stream/-/stream-0.35.1.tgz",
      "integrity": "sha512-MPtZdEZ3U2vtQTg+jXm6Xg5i0p4wO+BC4KtXqV93KIajk7sLfjlLlRf7GqlUPZgMH+jSoOAPARjM+G3UsNhMvg==",
      "peerDependencies": {
        "@effect/data": "^0.18.3",
        "@effect/io": "^0.39.0"
      }
    },
    "node_modules/effect": {
      "version": "2.0.0-next.30",
      "resolved": "https://registry.npmjs.org/effect/-/effect-2.0.0-next.30.tgz",
      "integrity": "sha512-7mCheLiy6x33e4qXLSFpQ9TCpj/+gPhPjLtBY9HODzH0sQw3B4sBUytoKWd+7DnRJRU7sdJbpPZnfDz+M1g3fw==",
      "dependencies": {
        "@effect/data": "^0.18.3",
        "@effect/io": "^0.39.0",
        "@effect/match": "^0.35.1",
        "@effect/stm": "^0.23.0",
        "@effect/stream": "^0.35.1"
      },
      "peerDependencies": {
        "@effect/data": "^0.18.3",
        "@effect/io": "^0.39.0",
        "@effect/match": "^0.35.1",
        "@effect/stm": "^0.23.0",
        "@effect/stream": "^0.35.1"
      }
    },
    "node_modules/typescript": {
      "version": "5.2.2",
      "resolved": "https://registry.npmjs.org/typescript/-/typescript-5.2.2.tgz",
      "integrity": "sha512-mI4WrpHsbCIcwT9cF4FZvr80QUeKvsUsUvKDoR+X/7XHQH98xYD8YHZg7ANtz2GtZt/CBq2QJ0thkGJMHfqc1w==",
      "dev": true,
      "bin": {
        "tsc": "bin/tsc",
        "tsserver": "bin/tsserver"
      },
      "engines": {
        "node": ">=14.17"
      }
    }
  }
}
